
Microsoft Visual Studio Solution File, Format Version 12.00
# Visual Studio Version 17
VisualStudioVersion = 17.13.35825.156 d17.13
MinimumVisualStudioVersion = 10.0.40219.1
Project("{FAE04EC0-301F-11D3-BF4B-00C04F79EFBC}") = "Talabat.Core", "Talabat.Core\Talabat.Core.csproj", "{BEAF4FA4-5DBE-4097-8D50-A8FABA8565D6}"
EndProject
Global
	GlobalSection(SolutionConfigurationPlatforms) = preSolution
		Debug|Any CPU = Debug|Any CPU
		Release|Any CPU = Release|Any CPU
	EndGlobalSection
	GlobalSection(ProjectConfigurationPlatforms) = postSolution
		{BEAF4FA4-5DBE-4097-8D50-A8FABA8565D6}.Debug|Any CPU.ActiveCfg = Debug|Any CPU
		{BEAF4FA4-5DBE-4097-8D50-A8FABA8565D6}.Debug|Any CPU.Build.0 = Debug|Any CPU
		{BEAF4FA4-5DBE-4097-8D50-A8FABA8565D6}.Release|Any CPU.ActiveCfg = Release|Any CPU
		{BEAF4FA4-5DBE-4097-8D50-A8FABA8565D6}.Release|Any CPU.Build.0 = Release|Any CPU
	EndGlobalSection
	GlobalSection(SolutionProperties) = preSolution
		HideSolutionNode = FALSE
	EndGlobalSection
	GlobalSection(ExtensibilityGlobals) = postSolution
		SolutionGuid = {89DA3CF3-FB0E-461C-8C04-08046C0B7EB7}
	EndGlobalSection
EndGlobal
